
Microsoft Visual Studio Solution File, Format Version 12.00
# Visual Studio Version 17
VisualStudioVersion = 17.8.34112.27
MinimumVisualStudioVersion = 10.0.40219.1
Project("{FAE04EC0-301F-11D3-BF4B-00C04F79EFBC}") = "ActivityIndicatorIssue", "ActivityIndicatorIssue\ActivityIndicatorIssue.csproj", "{727C1B2B-E26A-4349-A9BE-0AC7C5FDADB9}"
EndProject
Global
	GlobalSection(SolutionConfigurationPlatforms) = preSolution
		Debug|Any CPU = Debug|Any CPU
		Release|Any CPU = Release|Any CPU
	EndGlobalSection
	GlobalSection(ProjectConfigurationPlatforms) = postSolution
		{727C1B2B-E26A-4349-A9BE-0AC7C5FDADB9}.Debug|Any CPU.ActiveCfg = Debug|Any CPU
		{727C1B2B-E26A-4349-A9BE-0AC7C5FDADB9}.Debug|Any CPU.Build.0 = Debug|Any CPU
		{727C1B2B-E26A-4349-A9BE-0AC7C5FDADB9}.Debug|Any CPU.Deploy.0 = Debug|Any CPU
		{727C1B2B-E26A-4349-A9BE-0AC7C5FDADB9}.Release|Any CPU.ActiveCfg = Release|Any CPU
		{727C1B2B-E26A-4349-A9BE-0AC7C5FDADB9}.Release|Any CPU.Build.0 = Release|Any CPU
		{727C1B2B-E26A-4349-A9BE-0AC7C5FDADB9}.Release|Any CPU.Deploy.0 = Release|Any CPU
	EndGlobalSection
	GlobalSection(SolutionProperties) = preSolution
		HideSolutionNode = FALSE
	EndGlobalSection
	GlobalSection(ExtensibilityGlobals) = postSolution
		SolutionGuid = {3FB5D4E6-D7B7-459A-9083-F56220AA1E16}
	EndGlobalSection
EndGlobal
